
Microsoft Visual Studio Solution File, Format Version 12.00
# Visual Studio Version 16
VisualStudioVersion = 16.0.30114.105
MinimumVisualStudioVersion = 10.0.40219.1
Project("{FAE04EC0-301F-11D3-BF4B-00C04F79EFBC}") = "ProEventos.Application", "ProEventos.Application\ProEventos.Application.csproj", "{307F8211-9DE6-46AC-B950-664D89BC1F4A}"
EndProject
Project("{FAE04EC0-301F-11D3-BF4B-00C04F79EFBC}") = "ProEventos.Domain", "ProEventos.Domain\ProEventos.Domain.csproj", "{86F02CA9-4798-4798-B4CD-7A0BCCCA51D7}"
EndProject
Project("{FAE04EC0-301F-11D3-BF4B-00C04F79EFBC}") = "ProEventos.Persistence", "ProEventos.Persistence\ProEventos.Persistence.csproj", "{D06DE2F5-D4B0-4BB0-9AE9-3DFD31F69C84}"
EndProject
Project("{FAE04EC0-301F-11D3-BF4B-00C04F79EFBC}") = "ProEventos.API", "ProEventos.API\ProEventos.API.csproj", "{2758C35E-06C8-4BF8-8E50-9F99110633FA}"
EndProject
Global
	GlobalSection(SolutionConfigurationPlatforms) = preSolution
		Debug|Any CPU = Debug|Any CPU
		Debug|x64 = Debug|x64
		Debug|x86 = Debug|x86
		Release|Any CPU = Release|Any CPU
		Release|x64 = Release|x64
		Release|x86 = Release|x86
	EndGlobalSection
	GlobalSection(SolutionProperties) = preSolution
		HideSolutionNode = FALSE
	EndGlobalSection
	GlobalSection(ProjectConfigurationPlatforms) = postSolution
		{307F8211-9DE6-46AC-B950-664D89BC1F4A}.Debug|Any CPU.ActiveCfg = Debug|Any CPU
		{307F8211-9DE6-46AC-B950-664D89BC1F4A}.Debug|Any CPU.Build.0 = Debug|Any CPU
		{307F8211-9DE6-46AC-B950-664D89BC1F4A}.Debug|x64.ActiveCfg = Debug|Any CPU
		{307F8211-9DE6-46AC-B950-664D89BC1F4A}.Debug|x64.Build.0 = Debug|Any CPU
		{307F8211-9DE6-46AC-B950-664D89BC1F4A}.Debug|x86.ActiveCfg = Debug|Any CPU
		{307F8211-9DE6-46AC-B950-664D89BC1F4A}.Debug|x86.Build.0 = Debug|Any CPU
		{307F8211-9DE6-46AC-B950-664D89BC1F4A}.Release|Any CPU.ActiveCfg = Release|Any CPU
		{307F8211-9DE6-46AC-B950-664D89BC1F4A}.Release|Any CPU.Build.0 = Release|Any CPU
		{307F8211-9DE6-46AC-B950-664D89BC1F4A}.Release|x64.ActiveCfg = Release|Any CPU
		{307F8211-9DE6-46AC-B950-664D89BC1F4A}.Release|x64.Build.0 = Release|Any CPU
		{307F8211-9DE6-46AC-B950-664D89BC1F4A}.Release|x86.ActiveCfg = Release|Any CPU
		{307F8211-9DE6-46AC-B950-664D89BC1F4A}.Release|x86.Build.0 = Release|Any CPU
		{86F02CA9-4798-4798-B4CD-7A0BCCCA51D7}.Debug|Any CPU.ActiveCfg = Debug|Any CPU
		{86F02CA9-4798-4798-B4CD-7A0BCCCA51D7}.Debug|Any CPU.Build.0 = Debug|Any CPU
		{86F02CA9-4798-4798-B4CD-7A0BCCCA51D7}.Debug|x64.ActiveCfg = Debug|Any CPU
		{86F02CA9-4798-4798-B4CD-7A0BCCCA51D7}.Debug|x64.Build.0 = Debug|Any CPU
		{86F02CA9-4798-4798-B4CD-7A0BCCCA51D7}.Debug|x86.ActiveCfg = Debug|Any CPU
		{86F02CA9-4798-4798-B4CD-7A0BCCCA51D7}.Debug|x86.Build.0 = Debug|Any CPU
		{86F02CA9-4798-4798-B4CD-7A0BCCCA51D7}.Release|Any CPU.ActiveCfg = Release|Any CPU
		{86F02CA9-4798-4798-B4CD-7A0BCCCA51D7}.Release|Any CPU.Build.0 = Release|Any CPU
		{86F02CA9-4798-4798-B4CD-7A0BCCCA51D7}.Release|x64.ActiveCfg = Release|Any CPU
		{86F02CA9-4798-4798-B4CD-7A0BCCCA51D7}.Release|x64.Build.0 = Release|Any CPU
		{86F02CA9-4798-4798-B4CD-7A0BCCCA51D7}.Release|x86.ActiveCfg = Release|Any CPU
		{86F02CA9-4798-4798-B4CD-7A0BCCCA51D7}.Release|x86.Build.0 = Release|Any CPU
		{D06DE2F5-D4B0-4BB0-9AE9-3DFD31F69C84}.Debug|Any CPU.ActiveCfg = Debug|Any CPU
		{D06DE2F5-D4B0-4BB0-9AE9-3DFD31F69C84}.Debug|Any CPU.Build.0 = Debug|Any CPU
		{D06DE2F5-D4B0-4BB0-9AE9-3DFD31F69C84}.Debug|x64.ActiveCfg = Debug|Any CPU
		{D06DE2F5-D4B0-4BB0-9AE9-3DFD31F69C84}.Debug|x64.Build.0 = Debug|Any CPU
		{D06DE2F5-D4B0-4BB0-9AE9-3DFD31F69C84}.Debug|x86.ActiveCfg = Debug|Any CPU
		{D06DE2F5-D4B0-4BB0-9AE9-3DFD31F69C84}.Debug|x86.Build.0 = Debug|Any CPU
		{D06DE2F5-D4B0-4BB0-9AE9-3DFD31F69C84}.Release|Any CPU.ActiveCfg = Release|Any CPU
		{D06DE2F5-D4B0-4BB0-9AE9-3DFD31F69C84}.Release|Any CPU.Build.0 = Release|Any CPU
		{D06DE2F5-D4B0-4BB0-9AE9-3DFD31F69C84}.Release|x64.ActiveCfg = Release|Any CPU
		{D06DE2F5-D4B0-4BB0-9AE9-3DFD31F69C84}.Release|x64.Build.0 = Release|Any CPU
		{D06DE2F5-D4B0-4BB0-9AE9-3DFD31F69C84}.Release|x86.ActiveCfg = Release|Any CPU
		{D06DE2F5-D4B0-4BB0-9AE9-3DFD31F69C84}.Release|x86.Build.0 = Release|Any CPU
		{2758C35E-06C8-4BF8-8E50-9F99110633FA}.Debug|Any CPU.ActiveCfg = Debug|Any CPU
		{2758C35E-06C8-4BF8-8E50-9F99110633FA}.Debug|Any CPU.Build.0 = Debug|Any CPU
		{2758C35E-06C8-4BF8-8E50-9F99110633FA}.Debug|x64.ActiveCfg = Debug|Any CPU
		{2758C35E-06C8-4BF8-8E50-9F99110633FA}.Debug|x64.Build.0 = Debug|Any CPU
		{2758C35E-06C8-4BF8-8E50-9F99110633FA}.Debug|x86.ActiveCfg = Debug|Any CPU
		{2758C35E-06C8-4BF8-8E50-9F99110633FA}.Debug|x86.Build.0 = Debug|Any CPU
		{2758C35E-06C8-4BF8-8E50-9F99110633FA}.Release|Any CPU.ActiveCfg = Release|Any CPU
		{2758C35E-06C8-4BF8-8E50-9F99110633FA}.Release|Any CPU.Build.0 = Release|Any CPU
		{2758C35E-06C8-4BF8-8E50-9F99110633FA}.Release|x64.ActiveCfg = Release|Any CPU
		{2758C35E-06C8-4BF8-8E50-9F99110633FA}.Release|x64.Build.0 = Release|Any CPU
		{2758C35E-06C8-4BF8-8E50-9F99110633FA}.Release|x86.ActiveCfg = Release|Any CPU
		{2758C35E-06C8-4BF8-8E50-9F99110633FA}.Release|x86.Build.0 = Release|Any CPU
	EndGlobalSection
EndGlobal
